version = 1
revision = 3
requires-python = ">=3.14"

[[package]]
name = "debugpy"
version = "1.8.20"
source = { registry = "https://pypi.org/simple" }
sdist = { url = "https://files.pythonhosted.org/packages/e0/b7/cd8080344452e4874aae67c40d8940e2b4d47b01601a8fd9f44786c757c7/debugpy-1.8.20.tar.gz", hash = "sha256:55bc8701714969f1ab89a6d5f2f3d40c36f91b2cbe2f65d98bf8196f6a6a2c33", size = 1645207, upload-time = "2026-01-29T23:03:28.199Z" }
wheels = [
    { url = "https://files.pythonhosted.org/packages/33/2e/f6cb9a8a13f5058f0a20fe09711a7b726232cd5a78c6a7c05b2ec726cff9/debugpy-1.8.20-cp314-cp314-macosx_15_0_universal2.whl", hash = "sha256:9c74df62fc064cd5e5eaca1353a3ef5a5d50da5eb8058fcef63106f7bebe6173", size = 2538066, upload-time = "2026-01-29T23:03:54.999Z" },
    { url = "https://files.pythonhosted.org/packages/c5/56/6ddca50b53624e1ca3ce1d1e49ff22db46c47ea5fb4c0cc5c9b90a616364/debugpy-1.8.20-cp314-cp314-manylinux_2_34_x86_64.whl", hash = "sha256:077a7447589ee9bc1ff0cdf443566d0ecf540ac8aa7333b775ebcb8ce9f4ecad", size = 4269425, upload-time = "2026-01-29T23:03:56.518Z" },
    { url = "https://files.pythonhosted.org/packages/c5/d9/d64199c14a0d4c476df46c82470a3ce45c8d183a6796cfb5e66533b3663c/debugpy-1.8.20-cp314-cp314-win32.whl", hash = "sha256:352036a99dd35053b37b7803f748efc456076f929c6a895556932eaf2d23b07f", size = 5331407, upload-time = "2026-01-29T23:03:58.481Z" },
    { url = "https://files.pythonhosted.org/packages/e0/d9/1f07395b54413432624d61524dfd98c1a7c7827d2abfdb8829ac92638205/debugpy-1.8.20-cp314-cp314-win_amd64.whl", hash = "sha256:a98eec61135465b062846112e5ecf2eebb855305acc1dfbae43b72903b8ab5be", size = 5372521, upload-time = "2026-01-29T23:03:59.864Z" },
    { url = "https://files.pythonhosted.org/packages/e0/c3/7f67dea8ccf8fdcb9c99033bbe3e90b9e7395415843accb81428c441be2d/debugpy-1.8.20-py2.py3-none-any.whl", hash = "sha256:5be9bed9ae3be00665a06acaa48f8329d2b9632f15fd09f6a9a8c8d9907e54d7", size = 5337658, upload-time = "2026-01-29T23:04:17.404Z" },
]

[[package]]
name = "dill"
version = "0.4.1"
source = { registry = "https://pypi.org/simple" }
sdist = { url = "https://files.pythonhosted.org/packages/81/e1/56027a71e31b02ddc53c7d65b01e68edf64dea2932122fe7746a516f75d5/dill-0.4.1.tar.gz", hash = "sha256:423092df4182177d4d8ba8290c8a5b640c66ab35ec7da59ccfa00f6fa3eea5fa", size = 187315, upload-time = "2026-01-19T02:36:56.85Z" }
wheels = [
    { url = "https://files.pythonhosted.org/packages/1e/77/dc8c558f7593132cf8fefec57c4f60c83b16941c574ac5f619abb3ae7933/dill-0.4.1-py3-none-any.whl", hash = "sha256:1e1ce33e978ae97fcfcff5638477032b801c46c7c65cf717f95fbc2248f79a9d", size = 120019, upload-time = "2026-01-19T02:36:55.663Z" },
]

[[package]]
name = "googleapis-common-protos"
version = "1.75.0"
source = { registry = "https://pypi.org/simple" }
dependencies = [
    { name = "protobuf" },
]
sdist = { url = "https://files.pythonhosted.org/packages/b5/c8/f439cffde755cffa462bfbb156278fa6f9d09119719af9814b858fd4f81f/googleapis_common_protos-1.75.0.tar.gz", hash = "sha256:53a062ff3c32552fbd62c11fe23768b78e4ddf0494d5e5fd97d3f4689c75fbbd", size = 151035, upload-time = "2026-05-07T08:04:49.423Z" }
wheels = [
    { url = "https://files.pythonhosted.org/packages/e7/c8/e2645aa8ed02fd4c7a2f59d68783b65b1f3cbdfe39a6308e156509d1fee8/googleapis_common_protos-1.75.0-py3-none-any.whl", hash = "sha256:961ed60399c457ceb0ee8f285a84c870aabc9c6a832b9d37bb281b5bebde43ed", size = 300631, upload-time = "2026-05-07T08:03:30.345Z" },
]

[[package]]
name = "grpcio"
version = "1.80.0"
source = { registry = "https://pypi.org/simple" }
dependencies = [
    { name = "typing-extensions" },
]
sdist = { url = "https://files.pythonhosted.org/packages/b7/48/af6173dbca4454f4637a4678b67f52ca7e0c1ed7d5894d89d434fecede05/grpcio-1.80.0.tar.gz", hash = "sha256:29aca15edd0688c22ba01d7cc01cb000d72b2033f4a3c72a81a19b56fd143257", size = 12978905, upload-time = "2026-03-30T08:49:10.502Z" }
wheels = [
    { url = "https://files.pythonhosted.org/packages/c5/6d/e65307ce20f5a09244ba9e9d8476e99fb039de7154f37fb85f26978b59c3/grpcio-1.80.0-cp314-cp314-linux_armv7l.whl", hash = "sha256:3d4147a97c8344d065d01bbf8b6acec2cf86fb0400d40696c8bdad34a64ffc0e", size = 6017376, upload-time = "2026-03-30T08:48:10.005Z" },
    { url = "https://files.pythonhosted.org/packages/69/10/9cef5d9650c72625a699c549940f0abb3c4bfdb5ed45a5ce431f92f31806/grpcio-1.80.0-cp314-cp314-macosx_11_0_universal2.whl", hash = "sha256:d8e11f167935b3eb089ac9038e1a063e6d7dbe995c0bb4a661e614583352e76f", size = 12018133, upload-time = "2026-03-30T08:48:12.927Z" },
    { url = "https://files.pythonhosted.org/packages/04/82/983aabaad82ba26113caceeb9091706a0696b25da004fe3defb5b346e15b/grpcio-1.80.0-cp314-cp314-manylinux2014_aarch64.manylinux_2_17_aarch64.whl", hash = "sha256:f14b618fc30de822681ee986cfdcc2d9327229dc4c98aed16896761cacd468b9", size = 6574748, upload-time = "2026-03-30T08:48:16.386Z" },
    { url = "https://files.pythonhosted.org/packages/07/d7/031666ef155aa0bf399ed7e19439656c38bbd143779ae0861b038ce82abd/grpcio-1.80.0-cp314-cp314-manylinux2014_i686.manylinux_2_17_i686.whl", hash = "sha256:4ed39fbdcf9b87370f6e8df4e39ca7b38b3e5e9d1b0013c7b6be9639d6578d14", size = 7277711, upload-time = "2026-03-30T08:48:19.627Z" },
    { url = "https://files.pythonhosted.org/packages/e8/43/f437a78f7f4f1d311804189e8f11fb311a01049b2e08557c1068d470cb2e/grpcio-1.80.0-cp314-cp314-manylinux2014_x86_64.manylinux_2_17_x86_64.whl", hash = "sha256:2dcc70e9f0ba987526e8e8603a610fb4f460e42899e74e7a518bf3c68fe1bf05", size = 6785372, upload-time = "2026-03-30T08:48:22.373Z" },
    { url = "https://files.pythonhosted.org/packages/93/3d/f6558e9c6296cb4227faa5c43c54a34c68d32654b829f53288313d16a86e/grpcio-1.80.0-cp314-cp314-musllinux_1_2_aarch64.whl", hash = "sha256:448c884b668b868562b1bda833c5fce6272d26e1926ec46747cda05741d302c1", size = 7395268, upload-time = "2026-03-30T08:48:25.638Z" },
    { url = "https://files.pythonhosted.org/packages/06/21/0fdd77e84720b08843c371a2efa6f2e19dbebf56adc72df73d891f5506f0/grpcio-1.80.0-cp314-cp314-musllinux_1_2_i686.whl", hash = "sha256:a1dc80fe55685b4a543555e6eef975303b36c8db1023b1599b094b92aa77965f", size = 8392000, upload-time = "2026-03-30T08:48:28.974Z" },
    { url = "https://files.pythonhosted.org/packages/f5/68/67f4947ed55d2e69f2cc199ab9fd85e0a0034d813bbeef84df6d2ba4d4b7/grpcio-1.80.0-cp314-cp314-musllinux_1_2_x86_64.whl", hash = "sha256:31b9ac4ad1aa28ffee5503821fafd09e4da0a261ce1c1281c6c8da0423c83b6e", size = 7828477, upload-time = "2026-03-30T08:48:32.054Z" },
    { url = "https://files.pythonhosted.org/packages/44/b6/8d4096691b2e385e8271911a0de4f35f0a6c7d05aff7098e296c3de86939/grpcio-1.80.0-cp314-cp314-win32.whl", hash = "sha256:367ce30ba67d05e0592470428f0ec1c31714cab9ef19b8f2e37be1f4c7d32fae", size = 4218563, upload-time = "2026-03-30T08:48:34.538Z" },
    { url = "https://files.pythonhosted.org/packages/e5/8c/bbe6baf2557262834f2070cf668515fa308b2d38a4bbf771f8f7872a7036/grpcio-1.80.0-cp314-cp314-win_amd64.whl", hash = "sha256:3b01e1f5464c583d2f567b2e46ff0d516ef979978f72091fd81f5ab7fa6e2e7f", size = 5019457, upload-time = "2026-03-30T08:48:37.308Z" },
]

[[package]]
name = "opentelemetry-api"
version = "1.42.1"
source = { registry = "https://pypi.org/simple" }
dependencies = [
    { name = "typing-extensions" },
]
sdist = { url = "https://files.pythonhosted.org/packages/b4/1c/125e1c936c0873796771b7f04f6c93b9f1bf5d424cea90fda94a99f61da8/opentelemetry_api-1.42.1.tar.gz", hash = "sha256:56c63bea9f77b62856be8c47600474acad853b2924b99b1687c4cb6297166716", size = 72296, upload-time = "2026-05-21T16:32:49.335Z" }
wheels = [
    { url = "https://files.pythonhosted.org/packages/a3/ca/9520cc1f3dfbbd03ac5903bbf55833e257bc64b1cf30fa8b0d6df374d821/opentelemetry_api-1.42.1-py3-none-any.whl", hash = "sha256:51a69edacadbc03a8950ace1c4c21099cacc538820ac2c9e36277e78cebba714", size = 61311, upload-time = "2026-05-21T16:32:28.822Z" },
]

[[package]]
name = "opentelemetry-exporter-otlp-proto-common"
version = "1.42.1"
source = { registry = "https://pypi.org/simple" }
dependencies = [
    { name = "opentelemetry-proto" },
]
sdist = { url = "https://files.pythonhosted.org/packages/0e/9c/216acfeaedadf2e1937f4373929b20f73197c5c4a2546d4f584b7fa63813/opentelemetry_exporter_otlp_proto_common-1.42.1.tar.gz", hash = "sha256:04f1f01fb597c4249dfcd7f8b861c902c2102369d376d9d346ff38de4469a2ee", size = 21433, upload-time = "2026-05-21T16:32:55.526Z" }
wheels = [
    { url = "https://files.pythonhosted.org/packages/d6/43/2375e7612e1121a4518c17603b6e0b03ad94f565aafad53f464dc5be2bf6/opentelemetry_exporter_otlp_proto_common-1.42.1-py3-none-any.whl", hash = "sha256:f48d395ab815b444da118868977e9798ea354c25737d5cf39578ae894011c140", size = 17327, upload-time = "2026-05-21T16:32:33.387Z" },
]

[[package]]
name = "opentelemetry-exporter-otlp-proto-grpc"
version = "1.42.1"
source = { registry = "https://pypi.org/simple" }
dependencies = [
    { name = "googleapis-common-protos" },
    { name = "grpcio" },
    { name = "opentelemetry-api" },
    { name = "opentelemetry-exporter-otlp-proto-common" },
    { name = "opentelemetry-proto" },
    { name = "opentelemetry-sdk" },
    { name = "typing-extensions" },
]
sdist = { url = "https://files.pythonhosted.org/packages/87/87/ca7fc790dfdbcf4f9e9aab14a39ef1b7508ead13707e283de0b3131478d2/opentelemetry_exporter_otlp_proto_grpc-1.42.1.tar.gz", hash = "sha256:975c4461f167dd8ed8857d68d3b6b25f3d272eab896f6a9470d0f5b90e2faf15", size = 27140, upload-time = "2026-05-21T16:32:56.162Z" }
wheels = [
    { url = "https://files.pythonhosted.org/packages/89/2b/28ba5b128f47fe8c3bab541000d6feb4b5a9bd26623ca013406f01c0fb60/opentelemetry_exporter_otlp_proto_grpc-1.42.1-py3-none-any.whl", hash = "sha256:0ae1177e2038b18a929b3098215243631ef91136cba26b7e2b12790ceb7e87cc", size = 19617, upload-time = "2026-05-21T16:32:34.278Z" },
]

[[package]]
name = "opentelemetry-instrumentation"
version = "0.63b1"
source = { registry = "https://pypi.org/simple" }
dependencies = [
    { name = "opentelemetry-api" },
    { name = "opentelemetry-semantic-conventions" },
    { name = "packaging" },
    { name = "wrapt" },
]
sdist = { url = "https://files.pythonhosted.org/packages/da/6d/4de72d97ff54db1ed270c7a59c9b904b917c0ac7af429c086c388b824ddb/opentelemetry_instrumentation-0.63b1.tar.gz", hash = "sha256:32368d6ae52c8de20aa790a6ad86b10a76f09956092337ae37d675773990e541", size = 41081, upload-time = "2026-05-21T16:36:14.206Z" }
wheels = [
    { url = "https://files.pythonhosted.org/packages/35/a1/9314e621c143e4d82a5bf7a43c2ff7a745d31023506336857607c8c543cc/opentelemetry_instrumentation-0.63b1-py3-none-any.whl", hash = "sha256:f1986716d52cc316ea5f60189098726a9071d8ecc0eee96c9ed110be08bade9c", size = 35577, upload-time = "2026-05-21T16:34:56.818Z" },
]

[[package]]
name = "opentelemetry-instrumentation-grpc"
version = "0.63b1"
source = { registry = "https://pypi.org/simple" }
dependencies = [
    { name = "opentelemetry-api" },
    { name = "opentelemetry-instrumentation" },
    { name = "opentelemetry-semantic-conventions" },
    { name = "wrapt" },
]
sdist = { url = "https://files.pythonhosted.org/packages/db/84/7c297486a6e9b99db041e5bd47f054aab29422be69659272908e292ed57a/opentelemetry_instrumentation_grpc-0.63b1.tar.gz", hash = "sha256:48d93e06872208a15ed720555ded9f366039924f41f3e16ea0da6ec937701e84", size = 31746, upload-time = "2026-05-21T16:36:33.561Z" }
wheels = [
    { url = "https://files.pythonhosted.org/packages/fd/2a/f4ad01d283550affaf3fa434671e3f6625095a4de90b9156bebaa4426aba/opentelemetry_instrumentation_grpc-0.63b1-py3-none-any.whl", hash = "sha256:40d30a2c5e97f90a28a8c4e688e368b4dcacc7654d358489cea92744311ff8d9", size = 24244, upload-time = "2026-05-21T16:35:31.098Z" },
]

[[package]]
name = "opentelemetry-proto"
version = "1.42.1"
source = { registry = "https://pypi.org/simple" }
dependencies = [
    { name = "protobuf" },
]
sdist = { url = "https://files.pythonhosted.org/packages/b4/55/63eac3e1089b768ba014091fdd2ae8a9a440c821ef5e2b786909c94c8836/opentelemetry_proto-1.42.1.tar.gz", hash = "sha256:c6a51e6b4f05ae63565f3a113217f3d2bfaec68f78c02d7a6c85f9010d1cfca6", size = 45839, upload-time = "2026-05-21T16:33:03.937Z" }
wheels = [
    { url = "https://files.pythonhosted.org/packages/41/9d/171c02c84a76940b7e601805b3bb536985aded9168fbcc9ba52f0a730fa2/opentelemetry_proto-1.42.1-py3-none-any.whl", hash = "sha256:dedb74cba2886c59c7789b227a7a670613025a07489040050aedff6e5c0fb43c", size = 71782, upload-time = "2026-05-21T16:32:44.867Z" },
]

[[package]]
name = "opentelemetry-sdk"
version = "1.42.1"
source = { registry = "https://pypi.org/simple" }
dependencies = [
    { name = "opentelemetry-api" },
    { name = "opentelemetry-semantic-conventions" },
    { name = "typing-extensions" },
]
sdist = { url = "https://files.pythonhosted.org/packages/40/f7/b390bd9bfd703bf98a68fea1f27786c6872331fd617164a54b8a59bdc008/opentelemetry_sdk-1.42.1.tar.gz", hash = "sha256:8c834e8f8c9ba4171d4ec843d0cb8a67e4c7394d3f9e9297e582cbd9456ddbf7", size = 239262, upload-time = "2026-05-21T16:33:04.641Z" }
wheels = [
    { url = "https://files.pythonhosted.org/packages/8f/6b/4287766cfbde577ae2272e8884abac325aeaac0d64f41c61d5b8cc595105/opentelemetry_sdk-1.42.1-py3-none-any.whl", hash = "sha256:083cd4bbfaa5aa7b5a9e552430d9951219967cfb27aa61feb13a77aba1fc839d", size = 170907, upload-time = "2026-05-21T16:32:45.894Z" },
]

[[package]]
name = "opentelemetry-semantic-conventions"
version = "0.63b1"
source = { registry = "https://pypi.org/simple" }
dependencies = [
    { name = "opentelemetry-api" },
    { name = "typing-extensions" },
]
sdist = { url = "https://files.pythonhosted.org/packages/93/99/4d7dd6df64795951413ce6e815f8cf1eb191daf7196ae86574589643d5f3/opentelemetry_semantic_conventions-0.63b1.tar.gz", hash = "sha256:3daf963611334b365e98a57438183eb012d3bfb40b2d931a9af613476b8701a9", size = 148340, upload-time = "2026-05-21T16:33:05.455Z" }
wheels = [
    { url = "https://files.pythonhosted.org/packages/cb/7a/7fe66f5f3682b1dd47d88cc4e11f1c6c0966b737de2d16671146e23c39a5/opentelemetry_semantic_conventions-0.63b1-py3-none-any.whl", hash = "sha256:dfe5ef4dee82586b746f522b818ceb298d00b3d59f660042bd79404bff8d0682", size = 203713, upload-time = "2026-05-21T16:32:47.016Z" },
]

[[package]]
name = "packaging"
version = "26.2"
source = { registry = "https://pypi.org/simple" }
sdist = { url = "https://files.pythonhosted.org/packages/d7/f1/e7a6dd94a8d4a5626c03e4e99c87f241ba9e350cd9e6d75123f992427270/packaging-26.2.tar.gz", hash = "sha256:ff452ff5a3e828ce110190feff1178bb1f2ea2281fa2075aadb987c2fb221661", size = 228134, upload-time = "2026-04-24T20:15:23.917Z" }
wheels = [
    { url = "https://files.pythonhosted.org/packages/df/b2/87e62e8c3e2f4b32e5fe99e0b86d576da1312593b39f47d8ceef365e95ed/packaging-26.2-py3-none-any.whl", hash = "sha256:5fc45236b9446107ff2415ce77c807cee2862cb6fac22b8a73826d0693b0980e", size = 100195, upload-time = "2026-04-24T20:15:22.081Z" },
]

[[package]]
name = "parver"
version = "1.0"
source = { registry = "https://pypi.org/simple" }
sdist = { url = "https://files.pythonhosted.org/packages/24/24/6bf5a4462c04edeaed40c74b85bd4f481f634415fe8cdfece1ddabc042f1/parver-1.0.tar.gz", hash = "sha256:e59ad804a0d6ddd532033cb67c5bc26fdbfbfe3d06fe76f2bee48727e2fa5229", size = 104491, upload-time = "2026-05-19T22:30:34.93Z" }
wheels = [
    { url = "https://files.pythonhosted.org/packages/b9/e4/dcfdaf1fda1883e3fb34a410158cc61e68644c4024c4bdef81e1532cde06/parver-1.0-py3-none-any.whl", hash = "sha256:ba201193c651d5d4de3761ee2709a31fb451280271325607ce1632653617a43e", size = 20803, upload-time = "2026-05-19T22:30:33.343Z" },
]

[[package]]
name = "protobuf"
version = "6.33.6"
source = { registry = "https://pypi.org/simple" }
sdist = { url = "https://files.pythonhosted.org/packages/66/70/e908e9c5e52ef7c3a6c7902c9dfbb34c7e29c25d2f81ade3856445fd5c94/protobuf-6.33.6.tar.gz", hash = "sha256:a6768d25248312c297558af96a9f9c929e8c4cee0659cb07e780731095f38135", size = 444531, upload-time = "2026-03-18T19:05:00.988Z" }
wheels = [
    { url = "https://files.pythonhosted.org/packages/fc/9f/2f509339e89cfa6f6a4c4ff50438db9ca488dec341f7e454adad60150b00/protobuf-6.33.6-cp310-abi3-win32.whl", hash = "sha256:7d29d9b65f8afef196f8334e80d6bc1d5d4adedb449971fefd3723824e6e77d3", size = 425739, upload-time = "2026-03-18T19:04:48.373Z" },
    { url = "https://files.pythonhosted.org/packages/76/5d/683efcd4798e0030c1bab27374fd13a89f7c2515fb1f3123efdfaa5eab57/protobuf-6.33.6-cp310-abi3-win_amd64.whl", hash = "sha256:0cd27b587afca21b7cfa59a74dcbd48a50f0a6400cfb59391340ad729d91d326", size = 437089, upload-time = "2026-03-18T19:04:50.381Z" },
    { url = "https://files.pythonhosted.org/packages/5c/01/a3c3ed5cd186f39e7880f8303cc51385a198a81469d53d0fdecf1f64d929/protobuf-6.33.6-cp39-abi3-macosx_10_9_universal2.whl", hash = "sha256:9720e6961b251bde64edfdab7d500725a2af5280f3f4c87e57c0208376aa8c3a", size = 427737, upload-time = "2026-03-18T19:04:51.866Z" },
    { url = "https://files.pythonhosted.org/packages/ee/90/b3c01fdec7d2f627b3a6884243ba328c1217ed2d978def5c12dc50d328a3/protobuf-6.33.6-cp39-abi3-manylinux2014_aarch64.whl", hash = "sha256:e2afbae9b8e1825e3529f88d514754e094278bb95eadc0e199751cdd9a2e82a2", size = 324610, upload-time = "2026-03-18T19:04:53.096Z" },
    { url = "https://files.pythonhosted.org/packages/9b/ca/25afc144934014700c52e05103c2421997482d561f3101ff352e1292fb81/protobuf-6.33.6-cp39-abi3-manylinux2014_s390x.whl", hash = "sha256:c96c37eec15086b79762ed265d59ab204dabc53056e3443e702d2681f4b39ce3", size = 339381, upload-time = "2026-03-18T19:04:54.616Z" },
    { url = "https://files.pythonhosted.org/packages/16/92/d1e32e3e0d894fe00b15ce28ad4944ab692713f2e7f0a99787405e43533a/protobuf-6.33.6-cp39-abi3-manylinux2014_x86_64.whl", hash = "sha256:e9db7e292e0ab79dd108d7f1a94fe31601ce1ee3f7b79e0692043423020b0593", size = 323436, upload-time = "2026-03-18T19:04:55.768Z" },
    { url = "https://files.pythonhosted.org/packages/c4/72/02445137af02769918a93807b2b7890047c32bfb9f90371cbc12688819eb/protobuf-6.33.6-py3-none-any.whl", hash = "sha256:77179e006c476e69bf8e8ce866640091ec42e1beb80b213c3900006ecfba6901", size = 170656, upload-time = "2026-03-18T19:04:59.826Z" },
]

[[package]]
name = "pulumi"
version = "3.244.0"
source = { registry = "https://pypi.org/simple" }
dependencies = [
    { name = "debugpy" },
    { name = "dill" },
    { name = "grpcio" },
    { name = "opentelemetry-api" },
    { name = "opentelemetry-exporter-otlp-proto-grpc" },
    { name = "opentelemetry-instrumentation-grpc" },
    { name = "opentelemetry-sdk" },
    { name = "packaging" },
    { name = "protobuf" },
    { name = "pyyaml" },
    { name = "semver" },
]
wheels = [
    { url = "https://files.pythonhosted.org/packages/37/54/f6b4ab6ffba2cfbb70f7e1188c81f5805ce740ee34d2ce3d325a0d043ab3/pulumi-3.244.0-py3-none-any.whl", hash = "sha256:ba365c133914043b7848906db7ac46b1fb92b632c77f09c838eca272501f9f0c", size = 406104, upload-time = "2026-05-28T18:14:41.642Z" },
]

[[package]]
name = "pulumi-azure-native"
version = "3.19.0"
source = { registry = "https://pypi.org/simple" }
dependencies = [
    { name = "parver" },
    { name = "pulumi" },
    { name = "semver" },
]
sdist = { url = "https://files.pythonhosted.org/packages/50/14/eed9172d9898dd5dd489dc3e7838877a48373e16bf24ed367bf60bc792df/pulumi_azure_native-3.19.0.tar.gz", hash = "sha256:a1fb1556e6b8d0a34e377cb8d4bb07efe2c1aefea972334d019e839b7639c51d", size = 12689792, upload-time = "2026-05-27T17:42:34.319Z" }
wheels = [
    { url = "https://files.pythonhosted.org/packages/7b/a3/dac6dbead02c9a8c77c88bb9c361d9967945484a1437e66302f2570aa112/pulumi_azure_native-3.19.0-py3-none-any.whl", hash = "sha256:c906bb0b70bb9867b30bda3e2b26d8e5a80d232a75384ce61bc40e452d6f6071", size = 21361801, upload-time = "2026-05-27T17:42:29.991Z" },
]

[[package]]
name = "pyyaml"
version = "6.0.3"
source = { registry = "https://pypi.org/simple" }
sdist = { url = "https://files.pythonhosted.org/packages/05/8e/961c0007c59b8dd7729d542c61a4d537767a59645b82a0b521206e1e25c2/pyyaml-6.0.3.tar.gz", hash = "sha256:d76623373421df22fb4cf8817020cbb7ef15c725b9d5e45f17e189bfc384190f", size = 130960, upload-time = "2025-09-25T21:33:16.546Z" }
wheels = [
    { url = "https://files.pythonhosted.org/packages/9d/8c/f4bd7f6465179953d3ac9bc44ac1a8a3e6122cf8ada906b4f96c60172d43/pyyaml-6.0.3-cp314-cp314-macosx_10_13_x86_64.whl", hash = "sha256:8d1fab6bb153a416f9aeb4b8763bc0f22a5586065f86f7664fc23339fc1c1fac", size = 181814, upload-time = "2025-09-25T21:32:35.712Z" },
    { url = "https://files.pythonhosted.org/packages/bd/9c/4d95bb87eb2063d20db7b60faa3840c1b18025517ae857371c4dd55a6b3a/pyyaml-6.0.3-cp314-cp314-macosx_11_0_arm64.whl", hash = "sha256:34d5fcd24b8445fadc33f9cf348c1047101756fd760b4dacb5c3e99755703310", size = 173809, upload-time = "2025-09-25T21:32:36.789Z" },
    { url = "https://files.pythonhosted.org/packages/92/b5/47e807c2623074914e29dabd16cbbdd4bf5e9b2db9f8090fa64411fc5382/pyyaml-6.0.3-cp314-cp314-manylinux2014_aarch64.manylinux_2_17_aarch64.manylinux_2_28_aarch64.whl", hash = "sha256:501a031947e3a9025ed4405a168e6ef5ae3126c59f90ce0cd6f2bfc477be31b7", size = 766454, upload-time = "2025-09-25T21:32:37.966Z" },
    { url = "https://files.pythonhosted.org/packages/02/9e/e5e9b168be58564121efb3de6859c452fccde0ab093d8438905899a3a483/pyyaml-6.0.3-cp314-cp314-manylinux2014_s390x.manylinux_2_17_s390x.manylinux_2_28_s390x.whl", hash = "sha256:b3bc83488de33889877a0f2543ade9f70c67d66d9ebb4ac959502e12de895788", size = 836355, upload-time = "2025-09-25T21:32:39.178Z" },
    { url = "https://files.pythonhosted.org/packages/88/f9/16491d7ed2a919954993e48aa941b200f38040928474c9e85ea9e64222c3/pyyaml-6.0.3-cp314-cp314-manylinux2014_x86_64.manylinux_2_17_x86_64.manylinux_2_28_x86_64.whl", hash = "sha256:c458b6d084f9b935061bc36216e8a69a7e293a2f1e68bf956dcd9e6cbcd143f5", size = 794175, upload-time = "2025-09-25T21:32:40.865Z" },
    { url = "https://files.pythonhosted.org/packages/dd/3f/5989debef34dc6397317802b527dbbafb2b4760878a53d4166579111411e/pyyaml-6.0.3-cp314-cp314-musllinux_1_2_aarch64.whl", hash = "sha256:7c6610def4f163542a622a73fb39f534f8c101d690126992300bf3207eab9764", size = 755228, upload-time = "2025-09-25T21:32:42.084Z" },
    { url = "https://files.pythonhosted.org/packages/d7/ce/af88a49043cd2e265be63d083fc75b27b6ed062f5f9fd6cdc223ad62f03e/pyyaml-6.0.3-cp314-cp314-musllinux_1_2_x86_64.whl", hash = "sha256:5190d403f121660ce8d1d2c1bb2ef1bd05b5f68533fc5c2ea899bd15f4399b35", size = 789194, upload-time = "2025-09-25T21:32:43.362Z" },
    { url = "https://files.pythonhosted.org/packages/23/20/bb6982b26a40bb43951265ba29d4c246ef0ff59c9fdcdf0ed04e0687de4d/pyyaml-6.0.3-cp314-cp314-win_amd64.whl", hash = "sha256:4a2e8cebe2ff6ab7d1050ecd59c25d4c8bd7e6f400f5f82b96557ac0abafd0ac", size = 156429, upload-time = "2025-09-25T21:32:57.844Z" },
    { url = "https://files.pythonhosted.org/packages/f4/f4/a4541072bb9422c8a883ab55255f918fa378ecf083f5b85e87fc2b4eda1b/pyyaml-6.0.3-cp314-cp314-win_arm64.whl", hash = "sha256:93dda82c9c22deb0a405ea4dc5f2d0cda384168e466364dec6255b293923b2f3", size = 143912, upload-time = "2025-09-25T21:32:59.247Z" },
    { url = "https://files.pythonhosted.org/packages/7c/f9/07dd09ae774e4616edf6cda684ee78f97777bdd15847253637a6f052a62f/pyyaml-6.0.3-cp314-cp314t-macosx_10_13_x86_64.whl", hash = "sha256:02893d100e99e03eda1c8fd5c441d8c60103fd175728e23e431db1b589cf5ab3", size = 189108, upload-time = "2025-09-25T21:32:44.377Z" },
    { url = "https://files.pythonhosted.org/packages/4e/78/8d08c9fb7ce09ad8c38ad533c1191cf27f7ae1effe5bb9400a46d9437fcf/pyyaml-6.0.3-cp314-cp314t-macosx_11_0_arm64.whl", hash = "sha256:c1ff362665ae507275af2853520967820d9124984e0f7466736aea23d8611fba", size = 183641, upload-time = "2025-09-25T21:32:45.407Z" },
    { url = "https://files.pythonhosted.org/packages/7b/5b/3babb19104a46945cf816d047db2788bcaf8c94527a805610b0289a01c6b/pyyaml-6.0.3-cp314-cp314t-manylinux2014_aarch64.manylinux_2_17_aarch64.manylinux_2_28_aarch64.whl", hash = "sha256:6adc77889b628398debc7b65c073bcb99c4a0237b248cacaf3fe8a557563ef6c", size = 831901, upload-time = "2025-09-25T21:32:48.83Z" },
    { url = "https://files.pythonhosted.org/packages/8b/cc/dff0684d8dc44da4d22a13f35f073d558c268780ce3c6ba1b87055bb0b87/pyyaml-6.0.3-cp314-cp314t-manylinux2014_s390x.manylinux_2_17_s390x.manylinux_2_28_s390x.whl", hash = "sha256:a80cb027f6b349846a3bf6d73b5e95e782175e52f22108cfa17876aaeff93702", size = 861132, upload-time = "2025-09-25T21:32:50.149Z" },
    { url = "https://files.pythonhosted.org/packages/b1/5e/f77dc6b9036943e285ba76b49e118d9ea929885becb0a29ba8a7c75e29fe/pyyaml-6.0.3-cp314-cp314t-manylinux2014_x86_64.manylinux_2_17_x86_64.manylinux_2_28_x86_64.whl", hash = "sha256:00c4bdeba853cc34e7dd471f16b4114f4162dc03e6b7afcc2128711f0eca823c", size = 839261, upload-time = "2025-09-25T21:32:51.808Z" },
    { url = "https://files.pythonhosted.org/packages/ce/88/a9db1376aa2a228197c58b37302f284b5617f56a5d959fd1763fb1675ce6/pyyaml-6.0.3-cp314-cp314t-musllinux_1_2_aarch64.whl", hash = "sha256:66e1674c3ef6f541c35191caae2d429b967b99e02040f5ba928632d9a7f0f065", size = 805272, upload-time = "2025-09-25T21:32:52.941Z" },
    { url = "https://files.pythonhosted.org/packages/da/92/1446574745d74df0c92e6aa4a7b0b3130706a4142b2d1a5869f2eaa423c6/pyyaml-6.0.3-cp314-cp314t-musllinux_1_2_x86_64.whl", hash = "sha256:16249ee61e95f858e83976573de0f5b2893b3677ba71c9dd36b9cf8be9ac6d65", size = 829923, upload-time = "2025-09-25T21:32:54.537Z" },
    { url = "https://files.pythonhosted.org/packages/f0/7a/1c7270340330e575b92f397352af856a8c06f230aa3e76f86b39d01b416a/pyyaml-6.0.3-cp314-cp314t-win_amd64.whl", hash = "sha256:4ad1906908f2f5ae4e5a8ddfce73c320c2a1429ec52eafd27138b7f1cbe341c9", size = 174062, upload-time = "2025-09-25T21:32:55.767Z" },
    { url = "https://files.pythonhosted.org/packages/f1/12/de94a39c2ef588c7e6455cfbe7343d3b2dc9d6b6b2f40c4c6565744c873d/pyyaml-6.0.3-cp314-cp314t-win_arm64.whl", hash = "sha256:ebc55a14a21cb14062aa4162f906cd962b28e2e9ea38f9b4391244cd8de4ae0b", size = 149341, upload-time = "2025-09-25T21:32:56.828Z" },
]

[[package]]
name = "semver"
version = "3.0.4"
source = { registry = "https://pypi.org/simple" }
sdist = { url = "https://files.pythonhosted.org/packages/72/d1/d3159231aec234a59dd7d601e9dd9fe96f3afff15efd33c1070019b26132/semver-3.0.4.tar.gz", hash = "sha256:afc7d8c584a5ed0a11033af086e8af226a9c0b206f313e0301f8dd7b6b589602", size = 269730, upload-time = "2025-01-24T13:19:27.617Z" }
wheels = [
    { url = "https://files.pythonhosted.org/packages/a6/24/4d91e05817e92e3a61c8a21e08fd0f390f5301f1c448b137c57c4bc6e543/semver-3.0.4-py3-none-any.whl", hash = "sha256:9c824d87ba7f7ab4a1890799cec8596f15c1241cb473404ea1cb0c55e4b04746", size = 17912, upload-time = "2025-01-24T13:19:24.949Z" },
]

[[package]]
name = "typing-extensions"
version = "4.15.0"
source = { registry = "https://pypi.org/simple" }
sdist = { url = "https://files.pythonhosted.org/packages/72/94/1a15dd82efb362ac84269196e94cf00f187f7ed21c242792a923cdb1c61f/typing_extensions-4.15.0.tar.gz", hash = "sha256:0cea48d173cc12fa28ecabc3b837ea3cf6f38c6d1136f85cbaaf598984861466", size = 109391, upload-time = "2025-08-25T13:49:26.313Z" }
wheels = [
    { url = "https://files.pythonhosted.org/packages/18/67/36e9267722cc04a6b9f15c7f3441c2363321a3ea07da7ae0c0707beb2a9c/typing_extensions-4.15.0-py3-none-any.whl", hash = "sha256:f0fa19c6845758ab08074a0cfa8b7aecb71c999ca73d62883bc25cc018c4e548", size = 44614, upload-time = "2025-08-25T13:49:24.86Z" },
]

[[package]]
name = "week-17"
version = "0.1.0"
source = { virtual = "." }
dependencies = [
    { name = "pulumi" },
    { name = "pulumi-azure-native" },
]

[package.metadata]
requires-dist = [
    { name = "pulumi", specifier = ">=3.0.0,<4.0.0" },
    { name = "pulumi-azure-native", specifier = ">=3.0.0,<4.0.0" },
]

[[package]]
name = "wrapt"
version = "2.2.1"
source = { registry = "https://pypi.org/simple" }
sdist = { url = "https://files.pythonhosted.org/packages/2d/9f/06263fcd8ad6c405f05a3905fd7a84dd3176eb5ad46e44bccc0cd16348bb/wrapt-2.2.1.tar.gz", hash = "sha256:6744f504375775d7609c82c8d3d94af1c9a6f05586984536905908ba905277b9", size = 127620, upload-time = "2026-05-22T14:49:43.056Z" }
wheels = [
    { url = "https://files.pythonhosted.org/packages/0a/a3/11d7f34ebbf3231bc907a3e6d5ee051b14d034c1bc7b65a97d5cc00516df/wrapt-2.2.1-cp314-cp314-macosx_10_15_x86_64.whl", hash = "sha256:6f56a647e4eaf5f0ca40330fb070f566bdf9f7b0db89a1af20d71c28dcd7a0ab", size = 80879, upload-time = "2026-05-22T14:48:51.802Z" },
    { url = "https://files.pythonhosted.org/packages/13/3c/b74cfd984cef560b900fb1a727af20352d89e1f06bf2e1114dd3f00f5f5a/wrapt-2.2.1-cp314-cp314-macosx_11_0_arm64.whl", hash = "sha256:64b7deeda4b70408e382328d8bbe52a256fe9bc63ae3db86d804608367e5422c", size = 81462, upload-time = "2026-05-22T14:48:53.18Z" },
    { url = "https://files.pythonhosted.org/packages/15/a3/7c8f704b8dc07dfe0a5d01c2edbfd88317aa8e5e3fa7c743eb7a085ae767/wrapt-2.2.1-cp314-cp314-manylinux1_x86_64.manylinux_2_28_x86_64.manylinux_2_5_x86_64.whl", hash = "sha256:b9cf53ba90717db2e292401de290776c498d4bbfb0d4a559ca2895db8b9dcb5c", size = 167251, upload-time = "2026-05-22T14:48:54.562Z" },
    { url = "https://files.pythonhosted.org/packages/80/85/a34d1888d97247da6c2ff6118c3a721c73ed8cc4dd198c00208bb73b6f80/wrapt-2.2.1-cp314-cp314-manylinux2014_aarch64.manylinux_2_17_aarch64.manylinux_2_28_aarch64.whl", hash = "sha256:cf3638274ab9d9b724c9baa0b4c04e132cd6faefb78b4dd3dd1a02a4bdaad41e", size = 166316, upload-time = "2026-05-22T14:48:56.065Z" },
    { url = "https://files.pythonhosted.org/packages/e9/d7/72ffaeb01eebc704afe3fb99e840480f4bda45f0fa66e3381b6a39251c8f/wrapt-2.2.1-cp314-cp314-manylinux_2_31_riscv64.manylinux_2_39_riscv64.whl", hash = "sha256:aed9658797d0b45d6c49adcfc6b41f66e6f2d0c6de3ec79e16cf4b1855df240f", size = 157952, upload-time = "2026-05-22T14:48:57.924Z" },
    { url = "https://files.pythonhosted.org/packages/24/5b/36f5d6b024e4edfdd90b140742d11ebcf7836daf5c9daf326c55c24db412/wrapt-2.2.1-cp314-cp314-musllinux_1_2_aarch64.whl", hash = "sha256:1d676ee388bc42a04d56dd7deb5605244dac2e35cc2fadbb43c9fa25bbd93508", size = 166130, upload-time = "2026-05-22T14:48:59.384Z" },
    { url = "https://files.pythonhosted.org/packages/81/06/9296d9e97bfdef5483dfcc859d57b095b257144b2bc5300ab521e06f4bc7/wrapt-2.2.1-cp314-cp314-musllinux_1_2_riscv64.whl", hash = "sha256:e395f7bc31851ef9b612050368cb446e9bc14cd7454b025018980349caf25ae5", size = 156604, upload-time = "2026-05-22T14:49:00.921Z" },
    { url = "https://files.pythonhosted.org/packages/53/37/16953929ed6776175720e58fc966e779926d8d71e2c7b2273230590ca71f/wrapt-2.2.1-cp314-cp314-musllinux_1_2_x86_64.whl", hash = "sha256:5f1845c2a8cc1180ccccfa45785dd06f562730d19ef75be180334254012b6283", size = 166007, upload-time = "2026-05-22T14:49:02.332Z" },
    { url = "https://files.pythonhosted.org/packages/b9/73/20ee58c0612dae7c31131a7095345812ed2c7b389019e175f68cde34e5b4/wrapt-2.2.1-cp314-cp314-win32.whl", hash = "sha256:436addbc4bb4fc0a88c702577f51195d7d73683a7f3e0e5b253d8404d7847243", size = 78327, upload-time = "2026-05-22T14:49:03.722Z" },
    { url = "https://files.pythonhosted.org/packages/22/b3/ef7c3295d02e0448a71c639a36a057f46d524d057c9486291a7a3039e65c/wrapt-2.2.1-cp314-cp314-win_amd64.whl", hash = "sha256:50972a1d974ea07725a7f6b1cec5f8759008afd030a0024843ebe7d52de47f2b", size = 81144, upload-time = "2026-05-22T14:49:05.093Z" },
    { url = "https://files.pythonhosted.org/packages/ac/dc/7bdf336953f99f4ceb0a584bb8870e42c8f26f93ea10c87834dad62f1668/wrapt-2.2.1-cp314-cp314-win_arm64.whl", hash = "sha256:1c9934ea5d92957e3cd0adbc0845539dccfd62710ebe16195a8c66c53954db36", size = 79569, upload-time = "2026-05-22T14:49:06.413Z" },
    { url = "https://files.pythonhosted.org/packages/6a/6d/6dfae80150ff1919c356d1dd528f049bcdfaae29b4d284bc957e022caef4/wrapt-2.2.1-cp314-cp314t-macosx_10_15_x86_64.whl", hash = "sha256:17de18fc12cea55b8a9587314cb830573e37fb33b247a7515696350863714188", size = 82892, upload-time = "2026-05-22T14:49:07.925Z" },
    { url = "https://files.pythonhosted.org/packages/82/7b/4e34766a7d7804ffce9e71befe47e9b3225dc350c49c94493c4ab39fd3a5/wrapt-2.2.1-cp314-cp314t-macosx_11_0_arm64.whl", hash = "sha256:a9dec1aca52dddde7df94818310fa2fe79739c8f385b2014c4cb1035f5508199", size = 83333, upload-time = "2026-05-22T14:49:09.257Z" },
    { url = "https://files.pythonhosted.org/packages/9d/57/0b34db3e8de44ccfece62d7b337abd1631dd810f5adc5f3db571727836b5/wrapt-2.2.1-cp314-cp314t-manylinux1_x86_64.manylinux_2_28_x86_64.manylinux_2_5_x86_64.whl", hash = "sha256:69f2e9244542cb34dd59c7f073445b9e54ad9f3fce8d93606c368a1b499fc413", size = 202899, upload-time = "2026-05-22T14:49:10.572Z" },
    { url = "https://files.pythonhosted.org/packages/e5/45/ac0c459f154b99d92789a6cba7ca727185b83513b986f8ec7fe2aacddcbf/wrapt-2.2.1-cp314-cp314t-manylinux2014_aarch64.manylinux_2_17_aarch64.manylinux_2_28_aarch64.whl", hash = "sha256:2d83966dc7f4f45e8b97b5933685ac2e6e67fc0e19246ea314bceb9a8970c956", size = 209986, upload-time = "2026-05-22T14:49:12.229Z" },
    { url = "https://files.pythonhosted.org/packages/b7/e4/77e37ff33ad018fa81ade52c25fa327b80b56f81d734279a63614fcb4cbc/wrapt-2.2.1-cp314-cp314t-manylinux_2_31_riscv64.manylinux_2_39_riscv64.whl", hash = "sha256:78b0aa6bfb7be8deed0ab23e7aa028cc5210c29bc2d32a04d52b50e517a7307e", size = 194893, upload-time = "2026-05-22T14:49:14.139Z" },
    { url = "https://files.pythonhosted.org/packages/dd/9d/7ea651d1ab032fc5fa222fbec91d0f8a1397f6ae04ebb93fa7219aa921d7/wrapt-2.2.1-cp314-cp314t-musllinux_1_2_aarch64.whl", hash = "sha256:05d5cb74d1b232ec8cfa130a8f900708699ff2491d97b8f85a4cdc5996294b85", size = 205636, upload-time = "2026-05-22T14:49:15.714Z" },
    { url = "https://files.pythonhosted.org/packages/09/af/8e88031a701275b9085c54e64bc88c0b1cd55c77eadd400691c371cd76c4/wrapt-2.2.1-cp314-cp314t-musllinux_1_2_riscv64.whl", hash = "sha256:f6518b94edb9150452e9aba08027d4cc293433753ec1fbefb4629a21cbc74181", size = 192267, upload-time = "2026-05-22T14:49:17.283Z" },
    { url = "https://files.pythonhosted.org/packages/bf/a8/e657ca876b06710194f243d81c4b0896ade646e244bdbec2d87c8c56a8bd/wrapt-2.2.1-cp314-cp314t-musllinux_1_2_x86_64.whl", hash = "sha256:ed55af48b3eb28f43228ca2306788892bcb629eb2b5c4876e2a3659872c2f17a", size = 198378, upload-time = "2026-05-22T14:49:18.785Z" },
    { url = "https://files.pythonhosted.org/packages/c8/59/822efe4ea722a3961331bfa35b7d90937790d2c20f0616de1997ccc3aebd/wrapt-2.2.1-cp314-cp314t-win32.whl", hash = "sha256:2e08688ab16525897da6589d56d0aebaf417bbe91c2d8e3b96203b1efa596e85", size = 80226, upload-time = "2026-05-22T14:49:20.264Z" },
    { url = "https://files.pythonhosted.org/packages/ab/31/2a7dc5f6abb2fca0b6e1610e120419f603650aceb4f1d3ac4cae0354e162/wrapt-2.2.1-cp314-cp314t-win_amd64.whl", hash = "sha256:fd0135d34387f5fd087d9be368ea77ea89cf2451dc1cd1c622d35021bcb3ab50", size = 83835, upload-time = "2026-05-22T14:49:21.634Z" },
    { url = "https://files.pythonhosted.org/packages/9f/c0/782b86e28d1ceebeb74cccea12d2cd3d2ba0bd68e3dec20b1bc5873f6127/wrapt-2.2.1-cp314-cp314t-win_arm64.whl", hash = "sha256:f70db64e8266d7c45d3b735f2e08eeb434b5e03da9a479ae42b2e2e486a21a00", size = 80722, upload-time = "2026-05-22T14:49:23.59Z" },
    { url = "https://files.pythonhosted.org/packages/53/46/29ac9daf11a86c22a8c38cd9236c62928ccae83f7ceb06bd3b0467cf9d05/wrapt-2.2.1-py3-none-any.whl", hash = "sha256:3aafea2975caef8ca49400640dde02cc7426e798f24870ed01f490bc3cffd32f", size = 61000, upload-time = "2026-05-22T14:49:41.593Z" },
]
